
Microsoft Visual Studio Solution File, Format Version 12.00
# Visual Studio Version 17
VisualStudioVersion = 17.9.34714.143
MinimumVisualStudioVersion = 10.0.40219.1
Project("{8BC9CEB8-8B4A-11D0-8D11-00A0C91BC942}") = "Simulare", "Simulare\Simulare.vcxproj", "{05528CB3-F818-46B6-BBF8-B494E12293CA}"
EndProject
Global
	GlobalSection(SolutionConfigurationPlatforms) = preSolution
		Debug|x64 = Debug|x64
		Release|x64 = Release|x64
	EndGlobalSection
	GlobalSection(ProjectConfigurationPlatforms) = postSolution
		{05528CB3-F818-46B6-BBF8-B494E12293CA}.Debug|x64.ActiveCfg = Debug|x64
		{05528CB3-F818-46B6-BBF8-B494E12293CA}.Debug|x64.Build.0 = Debug|x64
		{05528CB3-F818-46B6-BBF8-B494E12293CA}.Release|x64.ActiveCfg = Release|x64
		{05528CB3-F818-46B6-BBF8-B494E12293CA}.Release|x64.Build.0 = Release|x64
	EndGlobalSection
	GlobalSection(SolutionProperties) = preSolution
		HideSolutionNode = FALSE
	EndGlobalSection
	GlobalSection(ExtensibilityGlobals) = postSolution
		SolutionGuid = {C4805645-B471-46A7-BA24-97021EB8ACE1}
	EndGlobalSection
EndGlobal
